{
  "name": "Entregable_final",
  "lockfileVersion": 3,
  "requires": true,
  "packages": {
    "": {
      "dependencies": {
        "@fontsource/staatliches": "^5.2.8"
      }
    },
    "node_modules/@fontsource/staatliches": {
      "version": "5.2.8",
      "resolved": "https://registry.npmjs.org/@fontsource/staatliches/-/staatliches-5.2.8.tgz",
      "integrity": "sha512-z52At6eCXmoQZKGSECzd6FqQSEmvWE5okTajgTaogjS2KP0fhgWCgd8KZzUQYi/phGE65u0M28AjhNdy1xbnbw==",
      "license": "OFL-1.1",
      "funding": {
        "url": "https://github.com/sponsors/ayuhito"
      }
    }
  }
}
